
Microsoft Visual Studio Solution File, Format Version 12.00
# Visual Studio Version 17
VisualStudioVersion = 17.4.33110.190
MinimumVisualStudioVersion = 10.0.40219.1
Project("{9A19103F-16F7-4668-BE54-9A1E7A4F7556}") = "ZadachiZaPregovor", "ZadachiZaPregovor\ZadachiZaPregovor.csproj", "{C7553549-341D-4CDA-8334-7759541C81C4}"
EndProject
Project("{9A19103F-16F7-4668-BE54-9A1E7A4F7556}") = "DefiniraneNaPoletaIsvoistva", "DefiniraneNaPoletaIsvoistva\DefiniraneNaPoletaIsvoistva.csproj", "{D1709C25-32DA-4900-A330-E6BF3ACB31E1}"
EndProject
Project("{9A19103F-16F7-4668-BE54-9A1E7A4F7556}") = "StudentWithBackPack", "StudentWithBackPack\StudentWithBackPack.csproj", "{6F4E91EA-CAC8-4C4C-9E73-1415E402B35A}"
EndProject
Project("{9A19103F-16F7-4668-BE54-9A1E7A4F7556}") = "NameSpacesDemo", "NameSpacesDemo\NameSpacesDemo.csproj", "{2ECD8019-5F33-42E5-8C10-A73D731D50AD}"
EndProject
Project("{9A19103F-16F7-4668-BE54-9A1E7A4F7556}") = "StaticAndNonStaticDemo", "StaticAndNonStaticDemo\StaticAndNonStaticDemo.csproj", "{0BFFA8EF-9FC2-42B7-ADAC-670A1F75BA1B}"
EndProject
Project("{9A19103F-16F7-4668-BE54-9A1E7A4F7556}") = "MethodsDemo", "MethodsDemo\MethodsDemo.csproj", "{68CAFE5E-96E5-4836-BA3D-184AB77D4750}"
EndProject
Project("{9A19103F-16F7-4668-BE54-9A1E7A4F7556}") = "Enumerations", "Enumerations\Enumerations.csproj", "{BA09121E-CC50-4925-A603-0CED0C6B3F03}"
EndProject
Project("{9A19103F-16F7-4668-BE54-9A1E7A4F7556}") = "ConstructorDemo", "ConstructorDemo\ConstructorDemo.csproj", "{7BAD8C54-7509-475D-A27F-94BA3DE3CF33}"
EndProject
Project("{9A19103F-16F7-4668-BE54-9A1E7A4F7556}") = "CandyShop", "CandyShop\CandyShop.csproj", "{8C4B03FC-6946-4619-BAE8-44F3BFEFB7C5}"
EndProject
Project("{9A19103F-16F7-4668-BE54-9A1E7A4F7556}") = "StaticConstructorsDestructorsStackAndHeap", "StaticConstructorsDestructorsStackAndHeap\StaticConstructorsDestructorsStackAndHeap.csproj", "{2954402C-2839-4BF7-85E4-15445B5616CD}"
EndProject
Project("{9A19103F-16F7-4668-BE54-9A1E7A4F7556}") = "StackAndHeap", "StackAndHeap\StackAndHeap.csproj", "{7C5F5BCF-709B-4ABE-A6CD-0A5949B9EA7D}"
EndProject
Project("{9A19103F-16F7-4668-BE54-9A1E7A4F7556}") = "NestingClassesDEMO", "NestingClassesDEMO\NestingClassesDEMO.csproj", "{4864DF3D-F328-44B0-9F2A-834FEE97594C}"
EndProject
Project("{9A19103F-16F7-4668-BE54-9A1E7A4F7556}") = "ShopRelationsMirrorDB", "ShopRelationsMirrorDB\ShopRelationsMirrorDB.csproj", "{066B846F-9CFA-413C-9111-666BB3C87C75}"
EndProject
Project("{9A19103F-16F7-4668-BE54-9A1E7A4F7556}") = "Inheritance", "Inheritance\Inheritance.csproj", "{7353DD18-1571-4641-8203-FCD9278D5704}"
EndProject
Project("{9A19103F-16F7-4668-BE54-9A1E7A4F7556}") = "Furniture", "Furniture\Furniture.csproj", "{E68BDF9D-3BB3-43BF-92B7-7CCCCE3F9B21}"
EndProject
Project("{9A19103F-16F7-4668-BE54-9A1E7A4F7556}") = "InheritanceExercise", "InheritanceExercise\InheritanceExercise.csproj", "{9AC51A62-8A54-401A-84B6-49DB0BCA01C8}"
EndProject
Project("{9A19103F-16F7-4668-BE54-9A1E7A4F7556}") = "Errors", "Errors\Errors.csproj", "{DAF4FA0C-142C-44EF-AEB2-B6C30B4BE8BA}"
EndProject
Project("{FAE04EC0-301F-11D3-BF4B-00C04F79EFBC}") = "Testings", "Testings\Testings.csproj", "{D1A5323F-8298-4A0D-8CF8-ACF50C62FCC9}"
EndProject
Global
	GlobalSection(SolutionConfigurationPlatforms) = preSolution
		Debug|Any CPU = Debug|Any CPU
		Release|Any CPU = Release|Any CPU
	EndGlobalSection
	GlobalSection(ProjectConfigurationPlatforms) = postSolution
		{C7553549-341D-4CDA-8334-7759541C81C4}.Debug|Any CPU.ActiveCfg = Debug|Any CPU
		{C7553549-341D-4CDA-8334-7759541C81C4}.Debug|Any CPU.Build.0 = Debug|Any CPU
		{C7553549-341D-4CDA-8334-7759541C81C4}.Release|Any CPU.ActiveCfg = Release|Any CPU
		{C7553549-341D-4CDA-8334-7759541C81C4}.Release|Any CPU.Build.0 = Release|Any CPU
		{D1709C25-32DA-4900-A330-E6BF3ACB31E1}.Debug|Any CPU.ActiveCfg = Debug|Any CPU
		{D1709C25-32DA-4900-A330-E6BF3ACB31E1}.Debug|Any CPU.Build.0 = Debug|Any CPU
		{D1709C25-32DA-4900-A330-E6BF3ACB31E1}.Release|Any CPU.ActiveCfg = Release|Any CPU
		{D1709C25-32DA-4900-A330-E6BF3ACB31E1}.Release|Any CPU.Build.0 = Release|Any CPU
		{6F4E91EA-CAC8-4C4C-9E73-1415E402B35A}.Debug|Any CPU.ActiveCfg = Debug|Any CPU
		{6F4E91EA-CAC8-4C4C-9E73-1415E402B35A}.Debug|Any CPU.Build.0 = Debug|Any CPU
		{6F4E91EA-CAC8-4C4C-9E73-1415E402B35A}.Release|Any CPU.ActiveCfg = Release|Any CPU
		{6F4E91EA-CAC8-4C4C-9E73-1415E402B35A}.Release|Any CPU.Build.0 = Release|Any CPU
		{2ECD8019-5F33-42E5-8C10-A73D731D50AD}.Debug|Any CPU.ActiveCfg = Debug|Any CPU
		{2ECD8019-5F33-42E5-8C10-A73D731D50AD}.Debug|Any CPU.Build.0 = Debug|Any CPU
		{2ECD8019-5F33-42E5-8C10-A73D731D50AD}.Release|Any CPU.ActiveCfg = Release|Any CPU
		{2ECD8019-5F33-42E5-8C10-A73D731D50AD}.Release|Any CPU.Build.0 = Release|Any CPU
		{0BFFA8EF-9FC2-42B7-ADAC-670A1F75BA1B}.Debug|Any CPU.ActiveCfg = Debug|Any CPU
		{0BFFA8EF-9FC2-42B7-ADAC-670A1F75BA1B}.Debug|Any CPU.Build.0 = Debug|Any CPU
		{0BFFA8EF-9FC2-42B7-ADAC-670A1F75BA1B}.Release|Any CPU.ActiveCfg = Release|Any CPU
		{0BFFA8EF-9FC2-42B7-ADAC-670A1F75BA1B}.Release|Any CPU.Build.0 = Release|Any CPU
		{68CAFE5E-96E5-4836-BA3D-184AB77D4750}.Debug|Any CPU.ActiveCfg = Debug|Any CPU
		{68CAFE5E-96E5-4836-BA3D-184AB77D4750}.Debug|Any CPU.Build.0 = Debug|Any CPU
		{68CAFE5E-96E5-4836-BA3D-184AB77D4750}.Release|Any CPU.ActiveCfg = Release|Any CPU
		{68CAFE5E-96E5-4836-BA3D-184AB77D4750}.Release|Any CPU.Build.0 = Release|Any CPU
		{BA09121E-CC50-4925-A603-0CED0C6B3F03}.Debug|Any CPU.ActiveCfg = Debug|Any CPU
		{BA09121E-CC50-4925-A603-0CED0C6B3F03}.Debug|Any CPU.Build.0 = Debug|Any CPU
		{BA09121E-CC50-4925-A603-0CED0C6B3F03}.Release|Any CPU.ActiveCfg = Release|Any CPU
		{BA09121E-CC50-4925-A603-0CED0C6B3F03}.Release|Any CPU.Build.0 = Release|Any CPU
		{7BAD8C54-7509-475D-A27F-94BA3DE3CF33}.Debug|Any CPU.ActiveCfg = Debug|Any CPU
		{7BAD8C54-7509-475D-A27F-94BA3DE3CF33}.Debug|Any CPU.Build.0 = Debug|Any CPU
		{7BAD8C54-7509-475D-A27F-94BA3DE3CF33}.Release|Any CPU.ActiveCfg = Release|Any CPU
		{7BAD8C54-7509-475D-A27F-94BA3DE3CF33}.Release|Any CPU.Build.0 = Release|Any CPU
		{8C4B03FC-6946-4619-BAE8-44F3BFEFB7C5}.Debug|Any CPU.ActiveCfg = Debug|Any CPU
		{8C4B03FC-6946-4619-BAE8-44F3BFEFB7C5}.Debug|Any CPU.Build.0 = Debug|Any CPU
		{8C4B03FC-6946-4619-BAE8-44F3BFEFB7C5}.Release|Any CPU.ActiveCfg = Release|Any CPU
		{8C4B03FC-6946-4619-BAE8-44F3BFEFB7C5}.Release|Any CPU.Build.0 = Release|Any CPU
		{2954402C-2839-4BF7-85E4-15445B5616CD}.Debug|Any CPU.ActiveCfg = Debug|Any CPU
		{2954402C-2839-4BF7-85E4-15445B5616CD}.Debug|Any CPU.Build.0 = Debug|Any CPU
		{2954402C-2839-4BF7-85E4-15445B5616CD}.Release|Any CPU.ActiveCfg = Release|Any CPU
		{2954402C-2839-4BF7-85E4-15445B5616CD}.Release|Any CPU.Build.0 = Release|Any CPU
		{7C5F5BCF-709B-4ABE-A6CD-0A5949B9EA7D}.Debug|Any CPU.ActiveCfg = Debug|Any CPU
		{7C5F5BCF-709B-4ABE-A6CD-0A5949B9EA7D}.Debug|Any CPU.Build.0 = Debug|Any CPU
		{7C5F5BCF-709B-4ABE-A6CD-0A5949B9EA7D}.Release|Any CPU.ActiveCfg = Release|Any CPU
		{7C5F5BCF-709B-4ABE-A6CD-0A5949B9EA7D}.Release|Any CPU.Build.0 = Release|Any CPU
		{4864DF3D-F328-44B0-9F2A-834FEE97594C}.Debug|Any CPU.ActiveCfg = Debug|Any CPU
		{4864DF3D-F328-44B0-9F2A-834FEE97594C}.Debug|Any CPU.Build.0 = Debug|Any CPU
		{4864DF3D-F328-44B0-9F2A-834FEE97594C}.Release|Any CPU.ActiveCfg = Release|Any CPU
		{4864DF3D-F328-44B0-9F2A-834FEE97594C}.Release|Any CPU.Build.0 = Release|Any CPU
		{066B846F-9CFA-413C-9111-666BB3C87C75}.Debug|Any CPU.ActiveCfg = Debug|Any CPU
		{066B846F-9CFA-413C-9111-666BB3C87C75}.Debug|Any CPU.Build.0 = Debug|Any CPU
		{066B846F-9CFA-413C-9111-666BB3C87C75}.Release|Any CPU.ActiveCfg = Release|Any CPU
		{066B846F-9CFA-413C-9111-666BB3C87C75}.Release|Any CPU.Build.0 = Release|Any CPU
		{7353DD18-1571-4641-8203-FCD9278D5704}.Debug|Any CPU.ActiveCfg = Debug|Any CPU
		{7353DD18-1571-4641-8203-FCD9278D5704}.Debug|Any CPU.Build.0 = Debug|Any CPU
		{7353DD18-1571-4641-8203-FCD9278D5704}.Release|Any CPU.ActiveCfg = Release|Any CPU
		{7353DD18-1571-4641-8203-FCD9278D5704}.Release|Any CPU.Build.0 = Release|Any CPU
		{E68BDF9D-3BB3-43BF-92B7-7CCCCE3F9B21}.Debug|Any CPU.ActiveCfg = Debug|Any CPU
		{E68BDF9D-3BB3-43BF-92B7-7CCCCE3F9B21}.Debug|Any CPU.Build.0 = Debug|Any CPU
		{E68BDF9D-3BB3-43BF-92B7-7CCCCE3F9B21}.Release|Any CPU.ActiveCfg = Release|Any CPU
		{E68BDF9D-3BB3-43BF-92B7-7CCCCE3F9B21}.Release|Any CPU.Build.0 = Release|Any CPU
		{9AC51A62-8A54-401A-84B6-49DB0BCA01C8}.Debug|Any CPU.ActiveCfg = Debug|Any CPU
		{9AC51A62-8A54-401A-84B6-49DB0BCA01C8}.Debug|Any CPU.Build.0 = Debug|Any CPU
		{9AC51A62-8A54-401A-84B6-49DB0BCA01C8}.Release|Any CPU.ActiveCfg = Release|Any CPU
		{9AC51A62-8A54-401A-84B6-49DB0BCA01C8}.Release|Any CPU.Build.0 = Release|Any CPU
		{DAF4FA0C-142C-44EF-AEB2-B6C30B4BE8BA}.Debug|Any CPU.ActiveCfg = Debug|Any CPU
		{DAF4FA0C-142C-44EF-AEB2-B6C30B4BE8BA}.Debug|Any CPU.Build.0 = Debug|Any CPU
		{DAF4FA0C-142C-44EF-AEB2-B6C30B4BE8BA}.Release|Any CPU.ActiveCfg = Release|Any CPU
		{DAF4FA0C-142C-44EF-AEB2-B6C30B4BE8BA}.Release|Any CPU.Build.0 = Release|Any CPU
		{D1A5323F-8298-4A0D-8CF8-ACF50C62FCC9}.Debug|Any CPU.ActiveCfg = Debug|Any CPU
		{D1A5323F-8298-4A0D-8CF8-ACF50C62FCC9}.Debug|Any CPU.Build.0 = Debug|Any CPU
		{D1A5323F-8298-4A0D-8CF8-ACF50C62FCC9}.Release|Any CPU.ActiveCfg = Release|Any CPU
		{D1A5323F-8298-4A0D-8CF8-ACF50C62FCC9}.Release|Any CPU.Build.0 = Release|Any CPU
	EndGlobalSection
	GlobalSection(SolutionProperties) = preSolution
		HideSolutionNode = FALSE
	EndGlobalSection
	GlobalSection(ExtensibilityGlobals) = postSolution
		SolutionGuid = {356B8FDB-FE7C-456E-A6C0-BDF1A25701E4}
	EndGlobalSection
EndGlobal
